// !$*UTF8*$!
{
	archiveVersion = 1;
	classes = {
	};
	objectVersion = 46;
	objects = {

/* Begin PBXBuildFile section */
		262179A9154C4D3800AAB715 /* PillNotesList.m in Sources */ = {isa = PBXBuildFile; fileRef = 262179A8154C4D3800AAB715 /* PillNotesList.m */; };
		2621EE9215518DCD002399AF /* MainStoryboard.storyboard in Resources */ = {isa = PBXBuildFile; fileRef = 2621EE9115518DCD002399AF /* MainStoryboard.storyboard */; };
		2637C66C155FB95400D324C0 /* Pill.m in Sources */ = {isa = PBXBuildFile; fileRef = 2637C66B155FB95400D324C0 /* Pill.m */; };
		263A0BF8155E56C90027C799 /* Reminder+Create.m in Sources */ = {isa = PBXBuildFile; fileRef = 263A0BF7155E56C90027C799 /* Reminder+Create.m */; };
		2642E8191563A09500E31911 /* ReminderTypeViewController.m in Sources */ = {isa = PBXBuildFile; fileRef = 2642E8181563A09500E31911 /* ReminderTypeViewController.m */; };
		2642E81D1563A3CF00E31911 /* ReminderSoundViewController.m in Sources */ = {isa = PBXBuildFile; fileRef = 2642E81C1563A3CF00E31911 /* ReminderSoundViewController.m */; };
		265C30BB154AA82D000C255E /* PillReminderModel.xcdatamodeld in Sources */ = {isa = PBXBuildFile; fileRef = 265C30B9154AA82D000C255E /* PillReminderModel.xcdatamodeld */; };
		265DE5BF15567FC9004C9303 /* redButton.png in Resources */ = {isa = PBXBuildFile; fileRef = 265DE5BE15567FC9004C9303 /* redButton.png */; };
		2667C99B1562E373002A50D6 /* RemindMeCell.m in Sources */ = {isa = PBXBuildFile; fileRef = 2667C99A1562E373002A50D6 /* RemindMeCell.m */; };
		2686F4391565053C0026AE56 /* morning.aif in Resources */ = {isa = PBXBuildFile; fileRef = 2686F4381565053C0026AE56 /* morning.aif */; };
		2686F43B1565057C0026AE56 /* tap.aif in Resources */ = {isa = PBXBuildFile; fileRef = 2686F43A1565057C0026AE56 /* tap.aif */; };
		2686F43D156507AE0026AE56 /* AudioToolbox.framework in Frameworks */ = {isa = PBXBuildFile; fileRef = 2686F43C156507AE0026AE56 /* AudioToolbox.framework */; };
		2686F444156532620026AE56 /* Reminder.m in Sources */ = {isa = PBXBuildFile; fileRef = 2686F443156532620026AE56 /* Reminder.m */; };
		2686F447156538E80026AE56 /* ReminderFrequencyViewController.m in Sources */ = {isa = PBXBuildFile; fileRef = 2686F446156538E80026AE56 /* ReminderFrequencyViewController.m */; };
		2686F44A156539150026AE56 /* WeekdaysViewController.m in Sources */ = {isa = PBXBuildFile; fileRef = 2686F449156539150026AE56 /* WeekdaysViewController.m */; };
		2686F44D1565395B0026AE56 /* SpecialRemindersViewController.m in Sources */ = {isa = PBXBuildFile; fileRef = 2686F44C1565395B0026AE56 /* SpecialRemindersViewController.m */; };
		26DAFBF1152E28A90025B7CF /* UIKit.framework in Frameworks */ = {isa = PBXBuildFile; fileRef = 26DAFBF0152E28A90025B7CF /* UIKit.framework */; };
		26DAFBF3152E28A90025B7CF /* Foundation.framework in Frameworks */ = {isa = PBXBuildFile; fileRef = 26DAFBF2152E28A90025B7CF /* Foundation.framework */; };
		26DAFBF5152E28A90025B7CF /* CoreGraphics.framework in Frameworks */ = {isa = PBXBuildFile; fileRef = 26DAFBF4152E28A90025B7CF /* CoreGraphics.framework */; };
		26DAFBFB152E28A90025B7CF /* InfoPlist.strings in Resources */ = {isa = PBXBuildFile; fileRef = 26DAFBF9152E28A90025B7CF /* InfoPlist.strings */; };
		26DAFBFD152E28A90025B7CF /* main.m in Sources */ = {isa = PBXBuildFile; fileRef = 26DAFBFC152E28A90025B7CF /* main.m */; };
		26DAFC01152E28A90025B7CF /* PRAppDelegate.m in Sources */ = {isa = PBXBuildFile; fileRef = 26DAFC00152E28A90025B7CF /* PRAppDelegate.m */; };
		26E9B7F4155D3D6700CDF370 /* ReminderDateViewController.m in Sources */ = {isa = PBXBuildFile; fileRef = 26E9B7F3155D3D6700CDF370 /* ReminderDateViewController.m */; };
		26EAB8CA15411DF2003BD336 /* CoreDataTableViewController.m in Sources */ = {isa = PBXBuildFile; fileRef = 26EAB8BD15411DF2003BD336 /* CoreDataTableViewController.m */; };
		26EAB8CC15411DF2003BD336 /* Pill+Create.m in Sources */ = {isa = PBXBuildFile; fileRef = 26EAB8C115411DF2003BD336 /* Pill+Create.m */; };
		26EAB8CD15411DF2003BD336 /* PillAddingViewController.m in Sources */ = {isa = PBXBuildFile; fileRef = 26EAB8C315411DF2003BD336 /* PillAddingViewController.m */; };
		26EAB8CE15411DF2003BD336 /* PillDetailsViewController.m in Sources */ = {isa = PBXBuildFile; fileRef = 26EAB8C515411DF2003BD336 /* PillDetailsViewController.m */; };
		26EAB8CF15411DF2003BD336 /* PillEditingViewController.m in Sources */ = {isa = PBXBuildFile; fileRef = 26EAB8C715411DF2003BD336 /* PillEditingViewController.m */; };
		26EAB8D415411EB6003BD336 /* PillsViewController.m in Sources */ = {isa = PBXBuildFile; fileRef = 26EAB8D315411EB6003BD336 /* PillsViewController.m */; };
		26EEA45415374F8900B38E6D /* CoreData.framework in Frameworks */ = {isa = PBXBuildFile; fileRef = 26EEA45315374F8900B38E6D /* CoreData.framework */; };
/* End PBXBuildFile section */

/* Begin PBXFileReference section */
		262179A7154C4D3800AAB715 /* PillNotesList.h */ = {isa = PBXFileReference; fileEncoding = 4; lastKnownFileType = sourcecode.c.h; path = PillNotesList.h; sourceTree = "<group>"; };
		262179A8154C4D3800AAB715 /* PillNotesList.m */ = {isa = PBXFileReference; fileEncoding = 4; lastKnownFileType = sourcecode.c.objc; path = PillNotesList.m; sourceTree = "<group>"; };
		2621EE9115518DCD002399AF /* MainStoryboard.storyboard */ = {isa = PBXFileReference; fileEncoding = 4; lastKnownFileType = file.storyboard; path = MainStoryboard.storyboard; sourceTree = "<group>"; };
		2637C66A155FB95400D324C0 /* Pill.h */ = {isa = PBXFileReference; fileEncoding = 4; lastKnownFileType = sourcecode.c.h; path = Pill.h; sourceTree = "<group>"; };
		2637C66B155FB95400D324C0 /* Pill.m */ = {isa = PBXFileReference; fileEncoding = 4; lastKnownFileType = sourcecode.c.objc; path = Pill.m; sourceTree = "<group>"; };
		2637C66D155FF9A800D324C0 /* PillReminderProject.entitlements */ = {isa = PBXFileReference; lastKnownFileType = text.xml; path = PillReminderProject.entitlements; sourceTree = "<group>"; };
		263A0BF6155E56C90027C799 /* Reminder+Create.h */ = {isa = PBXFileReference; fileEncoding = 4; lastKnownFileType = sourcecode.c.h; path = "Reminder+Create.h"; sourceTree = "<group>"; };
		263A0BF7155E56C90027C799 /* Reminder+Create.m */ = {isa = PBXFileReference; fileEncoding = 4; lastKnownFileType = sourcecode.c.objc; path = "Reminder+Create.m"; sourceTree = "<group>"; };
		2642E8171563A09500E31911 /* ReminderTypeViewController.h */ = {isa = PBXFileReference; fileEncoding = 4; lastKnownFileType = sourcecode.c.h; path = ReminderTypeViewController.h; sourceTree = "<group>"; };
		2642E8181563A09500E31911 /* ReminderTypeViewController.m */ = {isa = PBXFileReference; fileEncoding = 4; lastKnownFileType = sourcecode.c.objc; path = ReminderTypeViewController.m; sourceTree = "<group>"; };
		2642E81B1563A3CF00E31911 /* ReminderSoundViewController.h */ = {isa = PBXFileReference; fileEncoding = 4; lastKnownFileType = sourcecode.c.h; path = ReminderSoundViewController.h; sourceTree = "<group>"; };
		2642E81C1563A3CF00E31911 /* ReminderSoundViewController.m */ = {isa = PBXFileReference; fileEncoding = 4; lastKnownFileType = sourcecode.c.objc; path = ReminderSoundViewController.m; sourceTree = "<group>"; };
		265C30BA154AA82D000C255E /* PillReminderModel.xcdatamodel */ = {isa = PBXFileReference; lastKnownFileType = wrapper.xcdatamodel; path = PillReminderModel.xcdatamodel; sourceTree = "<group>"; };
		265DE5BE15567FC9004C9303 /* redButton.png */ = {isa = PBXFileReference; lastKnownFileType = image.png; path = redButton.png; sourceTree = "<group>"; };
		2667C9991562E372002A50D6 /* RemindMeCell.h */ = {isa = PBXFileReference; fileEncoding = 4; lastKnownFileType = sourcecode.c.h; path = RemindMeCell.h; sourceTree = "<group>"; };
		2667C99A1562E373002A50D6 /* RemindMeCell.m */ = {isa = PBXFileReference; fileEncoding = 4; lastKnownFileType = sourcecode.c.objc; path = RemindMeCell.m; sourceTree = "<group>"; };
		2686F4381565053C0026AE56 /* morning.aif */ = {isa = PBXFileReference; lastKnownFileType = file; path = morning.aif; sourceTree = "<group>"; };
		2686F43A1565057C0026AE56 /* tap.aif */ = {isa = PBXFileReference; lastKnownFileType = file; path = tap.aif; sourceTree = "<group>"; };
		2686F43C156507AE0026AE56 /* AudioToolbox.framework */ = {isa = PBXFileReference; lastKnownFileType = wrapper.framework; name = AudioToolbox.framework; path = System/Library/Frameworks/AudioToolbox.framework; sourceTree = SDKROOT; };
		2686F442156532620026AE56 /* Reminder.h */ = {isa = PBXFileReference; fileEncoding = 4; lastKnownFileType = sourcecode.c.h; path = Reminder.h; sourceTree = "<group>"; };
		2686F443156532620026AE56 /* Reminder.m */ = {isa = PBXFileReference; fileEncoding = 4; lastKnownFileType = sourcecode.c.objc; path = Reminder.m; sourceTree = "<group>"; };
		2686F445156538E80026AE56 /* ReminderFrequencyViewController.h */ = {isa = PBXFileReference; fileEncoding = 4; lastKnownFileType = sourcecode.c.h; path = ReminderFrequencyViewController.h; sourceTree = "<group>"; };
		2686F446156538E80026AE56 /* ReminderFrequencyViewController.m */ = {isa = PBXFileReference; fileEncoding = 4; lastKnownFileType = sourcecode.c.objc; path = ReminderFrequencyViewController.m; sourceTree = "<group>"; };
		2686F448156539150026AE56 /* WeekdaysViewController.h */ = {isa = PBXFileReference; fileEncoding = 4; lastKnownFileType = sourcecode.c.h; path = WeekdaysViewController.h; sourceTree = "<group>"; };
		2686F449156539150026AE56 /* WeekdaysViewController.m */ = {isa = PBXFileReference; fileEncoding = 4; lastKnownFileType = sourcecode.c.objc; path = WeekdaysViewController.m; sourceTree = "<group>"; };
		2686F44B1565395B0026AE56 /* SpecialRemindersViewController.h */ = {isa = PBXFileReference; fileEncoding = 4; lastKnownFileType = sourcecode.c.h; path = SpecialRemindersViewController.h; sourceTree = "<group>"; };
		2686F44C1565395B0026AE56 /* SpecialRemindersViewController.m */ = {isa = PBXFileReference; fileEncoding = 4; lastKnownFileType = sourcecode.c.objc; path = SpecialRemindersViewController.m; sourceTree = "<group>"; };
		26DAFBEC152E28A90025B7CF /* PillReminderProject.app */ = {isa = PBXFileReference; explicitFileType = wrapper.application; includeInIndex = 0; path = PillReminderProject.app; sourceTree = BUILT_PRODUCTS_DIR; };
		26DAFBF0152E28A90025B7CF /* UIKit.framework */ = {isa = PBXFileReference; lastKnownFileType = wrapper.framework; name = UIKit.framework; path = System/Library/Frameworks/UIKit.framework; sourceTree = SDKROOT; };
		26DAFBF2152E28A90025B7CF /* Foundation.framework */ = {isa = PBXFileReference; lastKnownFileType = wrapper.framework; name = Foundation.framework; path = System/Library/Frameworks/Foundation.framework; sourceTree = SDKROOT; };
		26DAFBF4152E28A90025B7CF /* CoreGraphics.framework */ = {isa = PBXFileReference; lastKnownFileType = wrapper.framework; name = CoreGraphics.framework; path = System/Library/Frameworks/CoreGraphics.framework; sourceTree = SDKROOT; };
		26DAFBF8152E28A90025B7CF /* PillReminderProject-Info.plist */ = {isa = PBXFileReference; lastKnownFileType = text.plist.xml; path = "PillReminderProject-Info.plist"; sourceTree = "<group>"; };
		26DAFBFA152E28A90025B7CF /* en */ = {isa = PBXFileReference; lastKnownFileType = text.plist.strings; name = en; path = en.lproj/InfoPlist.strings; sourceTree = "<group>"; };
		26DAFBFC152E28A90025B7CF /* main.m */ = {isa = PBXFileReference; lastKnownFileType = sourcecode.c.objc; path = main.m; sourceTree = "<group>"; };
		26DAFBFE152E28A90025B7CF /* PillReminderProject-Prefix.pch */ = {isa = PBXFileReference; lastKnownFileType = sourcecode.c.h; path = "PillReminderProject-Prefix.pch"; sourceTree = "<group>"; };
		26DAFBFF152E28A90025B7CF /* PRAppDelegate.h */ = {isa = PBXFileReference; lastKnownFileType = sourcecode.c.h; path = PRAppDelegate.h; sourceTree = "<group>"; };
		26DAFC00152E28A90025B7CF /* PRAppDelegate.m */ = {isa = PBXFileReference; lastKnownFileType = sourcecode.c.objc; path = PRAppDelegate.m; sourceTree = "<group>"; };
		26E9B7F2155D3D6700CDF370 /* ReminderDateViewController.h */ = {isa = PBXFileReference; fileEncoding = 4; lastKnownFileType = sourcecode.c.h; path = ReminderDateViewController.h; sourceTree = "<group>"; };
		26E9B7F3155D3D6700CDF370 /* ReminderDateViewController.m */ = {isa = PBXFileReference; fileEncoding = 4; lastKnownFileType = sourcecode.c.objc; path = ReminderDateViewController.m; sourceTree = "<group>"; };
		26EAB8BC15411DF2003BD336 /* CoreDataTableViewController.h */ = {isa = PBXFileReference; fileEncoding = 4; lastKnownFileType = sourcecode.c.h; path = CoreDataTableViewController.h; sourceTree = "<group>"; };
		26EAB8BD15411DF2003BD336 /* CoreDataTableViewController.m */ = {isa = PBXFileReference; fileEncoding = 4; lastKnownFileType = sourcecode.c.objc; path = CoreDataTableViewController.m; sourceTree = "<group>"; };
		26EAB8C015411DF2003BD336 /* Pill+Create.h */ = {isa = PBXFileReference; fileEncoding = 4; lastKnownFileType = sourcecode.c.h; path = "Pill+Create.h"; sourceTree = "<group>"; };
		26EAB8C115411DF2003BD336 /* Pill+Create.m */ = {isa = PBXFileReference; fileEncoding = 4; lastKnownFileType = sourcecode.c.objc; path = "Pill+Create.m"; sourceTree = "<group>"; };
		26EAB8C215411DF2003BD336 /* PillAddingViewController.h */ = {isa = PBXFileReference; fileEncoding = 4; lastKnownFileType = sourcecode.c.h; path = PillAddingViewController.h; sourceTree = "<group>"; };
		26EAB8C315411DF2003BD336 /* PillAddingViewController.m */ = {isa = PBXFileReference; fileEncoding = 4; lastKnownFileType = sourcecode.c.objc; path = PillAddingViewController.m; sourceTree = "<group>"; };
		26EAB8C415411DF2003BD336 /* PillDetailsViewController.h */ = {isa = PBXFileReference; fileEncoding = 4; lastKnownFileType = sourcecode.c.h; path = PillDetailsViewController.h; sourceTree = "<group>"; };
		26EAB8C515411DF2003BD336 /* PillDetailsViewController.m */ = {isa = PBXFileReference; fileEncoding = 4; lastKnownFileType = sourcecode.c.objc; path = PillDetailsViewController.m; sourceTree = "<group>"; };
		26EAB8C615411DF2003BD336 /* PillEditingViewController.h */ = {isa = PBXFileReference; fileEncoding = 4; lastKnownFileType = sourcecode.c.h; path = PillEditingViewController.h; sourceTree = "<group>"; };
		26EAB8C715411DF2003BD336 /* PillEditingViewController.m */ = {isa = PBXFileReference; fileEncoding = 4; lastKnownFileType = sourcecode.c.objc; path = PillEditingViewController.m; sourceTree = "<group>"; };
		26EAB8D215411EB6003BD336 /* PillsViewController.h */ = {isa = PBXFileReference; fileEncoding = 4; lastKnownFileType = sourcecode.c.h; path = PillsViewController.h; sourceTree = "<group>"; };
		26EAB8D315411EB6003BD336 /* PillsViewController.m */ = {isa = PBXFileReference; fileEncoding = 4; lastKnownFileType = sourcecode.c.objc; path = PillsViewController.m; sourceTree = "<group>"; };
		26EEA45315374F8900B38E6D /* CoreData.framework */ = {isa = PBXFileReference; lastKnownFileType = wrapper.framework; name = CoreData.framework; path = System/Library/Frameworks/CoreData.framework; sourceTree = SDKROOT; };
/* End PBXFileReference section */

/* Begin PBXFrameworksBuildPhase section */
		26DAFBE9152E28A90025B7CF /* Frameworks */ = {
			isa = PBXFrameworksBuildPhase;
			buildActionMask = 2147483647;
			files = (
				2686F43D156507AE0026AE56 /* AudioToolbox.framework in Frameworks */,
				26EEA45415374F8900B38E6D /* CoreData.framework in Frameworks */,
				26DAFBF1152E28A90025B7CF /* UIKit.framework in Frameworks */,
				26DAFBF3152E28A90025B7CF /* Foundation.framework in Frameworks */,
				26DAFBF5152E28A90025B7CF /* CoreGraphics.framework in Frameworks */,
			);
			runOnlyForDeploymentPostprocessing = 0;
		};
/* End PBXFrameworksBuildPhase section */

/* Begin PBXGroup section */
		263D553F154AA285002C65B6 /* View Controllers */ = {
			isa = PBXGroup;
			children = (
				2686F44B1565395B0026AE56 /* SpecialRemindersViewController.h */,
				2686F44C1565395B0026AE56 /* SpecialRemindersViewController.m */,
				2686F448156539150026AE56 /* WeekdaysViewController.h */,
				2686F449156539150026AE56 /* WeekdaysViewController.m */,
				2686F445156538E80026AE56 /* ReminderFrequencyViewController.h */,
				2686F446156538E80026AE56 /* ReminderFrequencyViewController.m */,
				2642E81B1563A3CF00E31911 /* ReminderSoundViewController.h */,
				2642E81C1563A3CF00E31911 /* ReminderSoundViewController.m */,
				2642E8171563A09500E31911 /* ReminderTypeViewController.h */,
				2642E8181563A09500E31911 /* ReminderTypeViewController.m */,
				26E9B7F2155D3D6700CDF370 /* ReminderDateViewController.h */,
				26E9B7F3155D3D6700CDF370 /* ReminderDateViewController.m */,
				2667C9991562E372002A50D6 /* RemindMeCell.h */,
				2667C99A1562E373002A50D6 /* RemindMeCell.m */,
				262179A7154C4D3800AAB715 /* PillNotesList.h */,
				262179A8154C4D3800AAB715 /* PillNotesList.m */,
				26EAB8D215411EB6003BD336 /* PillsViewController.h */,
				26EAB8D315411EB6003BD336 /* PillsViewController.m */,
				26EAB8BC15411DF2003BD336 /* CoreDataTableViewController.h */,
				26EAB8BD15411DF2003BD336 /* CoreDataTableViewController.m */,
				26EAB8C215411DF2003BD336 /* PillAddingViewController.h */,
				26EAB8C315411DF2003BD336 /* PillAddingViewController.m */,
				26EAB8C415411DF2003BD336 /* PillDetailsViewController.h */,
				26EAB8C515411DF2003BD336 /* PillDetailsViewController.m */,
				26EAB8C615411DF2003BD336 /* PillEditingViewController.h */,
				26EAB8C715411DF2003BD336 /* PillEditingViewController.m */,
			);
			name = "View Controllers";
			sourceTree = "<group>";
		};
		263D5540154AA324002C65B6 /* Resources */ = {
			isa = PBXGroup;
			children = (
				2686F4301564F1000026AE56 /* Sounds */,
				2621EE9115518DCD002399AF /* MainStoryboard.storyboard */,
				265C30B9154AA82D000C255E /* PillReminderModel.xcdatamodeld */,
			);
			name = Resources;
			sourceTree = "<group>";
		};
		265DE5BC15567FAA004C9303 /* Images */ = {
			isa = PBXGroup;
			children = (
				265DE5BE15567FC9004C9303 /* redButton.png */,
			);
			name = Images;
			sourceTree = "<group>";
		};
		2686F4301564F1000026AE56 /* Sounds */ = {
			isa = PBXGroup;
			children = (
				2686F43A1565057C0026AE56 /* tap.aif */,
				2686F4381565053C0026AE56 /* morning.aif */,
			);
			name = Sounds;
			sourceTree = "<group>";
		};
		26DAFBE1152E28A90025B7CF = {
			isa = PBXGroup;
			children = (
				263D553F154AA285002C65B6 /* View Controllers */,
				26E825A815411CD9007BA0C5 /* Model Classes */,
				265DE5BC15567FAA004C9303 /* Images */,
				263D5540154AA324002C65B6 /* Resources */,
				26DAFBF6152E28A90025B7CF /* Application Delegate */,
				26DAFBF7152E28A90025B7CF /* Supporting Files */,
				26DAFBED152E28A90025B7CF /* Products */,
				26DAFBEF152E28A90025B7CF /* Frameworks */,
			);
			sourceTree = "<group>";
		};
		26DAFBED152E28A90025B7CF /* Products */ = {
			isa = PBXGroup;
			children = (
				26DAFBEC152E28A90025B7CF /* PillReminderProject.app */,
			);
			name = Products;
			sourceTree = "<group>";
		};
		26DAFBEF152E28A90025B7CF /* Frameworks */ = {
			isa = PBXGroup;
			children = (
				2686F43C156507AE0026AE56 /* AudioToolbox.framework */,
				26EEA45315374F8900B38E6D /* CoreData.framework */,
				26DAFBF0152E28A90025B7CF /* UIKit.framework */,
				26DAFBF2152E28A90025B7CF /* Foundation.framework */,
				26DAFBF4152E28A90025B7CF /* CoreGraphics.framework */,
			);
			name = Frameworks;
			sourceTree = "<group>";
		};
		26DAFBF6152E28A90025B7CF /* Application Delegate */ = {
			isa = PBXGroup;
			children = (
				26DAFBFF152E28A90025B7CF /* PRAppDelegate.h */,
				26DAFC00152E28A90025B7CF /* PRAppDelegate.m */,
			);
			name = "Application Delegate";
			path = PillReminderProject;
			sourceTree = "<group>";
		};
		26DAFBF7152E28A90025B7CF /* Supporting Files */ = {
			isa = PBXGroup;
			children = (
				2637C66D155FF9A800D324C0 /* PillReminderProject.entitlements */,
				26DAFBF8152E28A90025B7CF /* PillReminderProject-Info.plist */,
				26DAFBF9152E28A90025B7CF /* InfoPlist.strings */,
				26DAFBFC152E28A90025B7CF /* main.m */,
				26DAFBFE152E28A90025B7CF /* PillReminderProject-Prefix.pch */,
			);
			name = "Supporting Files";
			path = PillReminderProject;
			sourceTree = "<group>";
		};
		26E825A815411CD9007BA0C5 /* Model Classes */ = {
			isa = PBXGroup;
			children = (
				2686F442156532620026AE56 /* Reminder.h */,
				2686F443156532620026AE56 /* Reminder.m */,
				2637C66A155FB95400D324C0 /* Pill.h */,
				2637C66B155FB95400D324C0 /* Pill.m */,
				263A0BF6155E56C90027C799 /* Reminder+Create.h */,
				263A0BF7155E56C90027C799 /* Reminder+Create.m */,
				26EAB8C015411DF2003BD336 /* Pill+Create.h */,
				26EAB8C115411DF2003BD336 /* Pill+Create.m */,
			);
			name = "Model Classes";
			sourceTree = "<group>";
		};
/* End PBXGroup section */

/* Begin PBXNativeTarget section */
		26DAFBEB152E28A90025B7CF /* PillReminderProject */ = {
			isa = PBXNativeTarget;
			buildConfigurationList = 26DAFC0A152E28A90025B7CF /* Build configuration list for PBXNativeTarget "PillReminderProject" */;
			buildPhases = (
				26DAFBE8152E28A90025B7CF /* Sources */,
				26DAFBE9152E28A90025B7CF /* Frameworks */,
				26DAFBEA152E28A90025B7CF /* Resources */,
			);
			buildRules = (
			);
			dependencies = (
			);
			name = PillReminderProject;
			productName = PillReminderProject;
			productReference = 26DAFBEC152E28A90025B7CF /* PillReminderProject.app */;
			productType = "com.apple.product-type.application";
		};
/* End PBXNativeTarget section */

/* Begin PBXProject section */
		26DAFBE3152E28A90025B7CF /* Project object */ = {
			isa = PBXProject;
			attributes = {
				LastUpgradeCheck = 0430;
				ORGANIZATIONNAME = "FERI Maribor, Slovenia";
			};
			buildConfigurationList = 26DAFBE6152E28A90025B7CF /* Build configuration list for PBXProject "PillReminderProject" */;
			compatibilityVersion = "Xcode 3.2";
			developmentRegion = English;
			hasScannedForEncodings = 0;
			knownRegions = (
				en,
			);
			mainGroup = 26DAFBE1152E28A90025B7CF;
			productRefGroup = 26DAFBED152E28A90025B7CF /* Products */;
			projectDirPath = "";
			projectRoot = "";
			targets = (
				26DAFBEB152E28A90025B7CF /* PillReminderProject */,
			);
		};
/* End PBXProject section */

/* Begin PBXResourcesBuildPhase section */
		26DAFBEA152E28A90025B7CF /* Resources */ = {
			isa = PBXResourcesBuildPhase;
			buildActionMask = 2147483647;
			files = (
				26DAFBFB152E28A90025B7CF /* InfoPlist.strings in Resources */,
				2621EE9215518DCD002399AF /* MainStoryboard.storyboard in Resources */,
				265DE5BF15567FC9004C9303 /* redButton.png in Resources */,
				2686F4391565053C0026AE56 /* morning.aif in Resources */,
				2686F43B1565057C0026AE56 /* tap.aif in Resources */,
			);
			runOnlyForDeploymentPostprocessing = 0;
		};
/* End PBXResourcesBuildPhase section */

/* Begin PBXSourcesBuildPhase section */
		26DAFBE8152E28A90025B7CF /* Sources */ = {
			isa = PBXSourcesBuildPhase;
			buildActionMask = 2147483647;
			files = (
				26DAFBFD152E28A90025B7CF /* main.m in Sources */,
				26DAFC01152E28A90025B7CF /* PRAppDelegate.m in Sources */,
				26EAB8CA15411DF2003BD336 /* CoreDataTableViewController.m in Sources */,
				26EAB8CC15411DF2003BD336 /* Pill+Create.m in Sources */,
				26EAB8CD15411DF2003BD336 /* PillAddingViewController.m in Sources */,
				26EAB8CE15411DF2003BD336 /* PillDetailsViewController.m in Sources */,
				26EAB8CF15411DF2003BD336 /* PillEditingViewController.m in Sources */,
				26EAB8D415411EB6003BD336 /* PillsViewController.m in Sources */,
				265C30BB154AA82D000C255E /* PillReminderModel.xcdatamodeld in Sources */,
				262179A9154C4D3800AAB715 /* PillNotesList.m in Sources */,
				26E9B7F4155D3D6700CDF370 /* ReminderDateViewController.m in Sources */,
				263A0BF8155E56C90027C799 /* Reminder+Create.m in Sources */,
				2637C66C155FB95400D324C0 /* Pill.m in Sources */,
				2667C99B1562E373002A50D6 /* RemindMeCell.m in Sources */,
				2642E8191563A09500E31911 /* ReminderTypeViewController.m in Sources */,
				2642E81D1563A3CF00E31911 /* ReminderSoundViewController.m in Sources */,
				2686F444156532620026AE56 /* Reminder.m in Sources */,
				2686F447156538E80026AE56 /* ReminderFrequencyViewController.m in Sources */,
				2686F44A156539150026AE56 /* WeekdaysViewController.m in Sources */,
				2686F44D1565395B0026AE56 /* SpecialRemindersViewController.m in Sources */,
			);
			runOnlyForDeploymentPostprocessing = 0;
		};
/* End PBXSourcesBuildPhase section */

/* Begin PBXVariantGroup section */
		26DAFBF9152E28A90025B7CF /* InfoPlist.strings */ = {
			isa = PBXVariantGroup;
			children = (
				26DAFBFA152E28A90025B7CF /* en */,
			);
			name = InfoPlist.strings;
			sourceTree = "<group>";
		};
/* End PBXVariantGroup section */

/* Begin XCBuildConfiguration section */
		26DAFC08152E28A90025B7CF /* Debug */ = {
			isa = XCBuildConfiguration;
			buildSettings = {
				ALWAYS_SEARCH_USER_PATHS = NO;
				ARCHS = "$(ARCHS_STANDARD_32_BIT)";
				CLANG_ENABLE_OBJC_ARC = YES;
				"CODE_SIGN_IDENTITY[sdk=iphoneos*]" = "iPhone Developer";
				COPY_PHASE_STRIP = NO;
				GCC_C_LANGUAGE_STANDARD = gnu99;
				GCC_DYNAMIC_NO_PIC = NO;
				GCC_OPTIMIZATION_LEVEL = 0;
				GCC_PREPROCESSOR_DEFINITIONS = (
					"DEBUG=1",
					"$(inherited)",
				);
				GCC_SYMBOLS_PRIVATE_EXTERN = NO;
				GCC_VERSION = com.apple.compilers.llvm.clang.1_0;
				GCC_WARN_ABOUT_MISSING_PROTOTYPES = YES;
				GCC_WARN_ABOUT_RETURN_TYPE = YES;
				GCC_WARN_UNUSED_VARIABLE = YES;
				IPHONEOS_DEPLOYMENT_TARGET = 5.0;
				SDKROOT = iphoneos;
			};
			name = Debug;
		};
		26DAFC09152E28A90025B7CF /* Release */ = {
			isa = XCBuildConfiguration;
			buildSettings = {
				ALWAYS_SEARCH_USER_PATHS = NO;
				ARCHS = "$(ARCHS_STANDARD_32_BIT)";
				CLANG_ENABLE_OBJC_ARC = YES;
				"CODE_SIGN_IDENTITY[sdk=iphoneos*]" = "iPhone Developer";
				COPY_PHASE_STRIP = YES;
				GCC_C_LANGUAGE_STANDARD = gnu99;
				GCC_VERSION = com.apple.compilers.llvm.clang.1_0;
				GCC_WARN_ABOUT_MISSING_PROTOTYPES = YES;
				GCC_WARN_ABOUT_RETURN_TYPE = YES;
				GCC_WARN_UNUSED_VARIABLE = YES;
				IPHONEOS_DEPLOYMENT_TARGET = 5.0;
				OTHER_CFLAGS = "-DNS_BLOCK_ASSERTIONS=1";
				SDKROOT = iphoneos;
				VALIDATE_PRODUCT = YES;
			};
			name = Release;
		};
		26DAFC0B152E28A90025B7CF /* Debug */ = {
			isa = XCBuildConfiguration;
			buildSettings = {
				CODE_SIGN_ENTITLEMENTS = PillReminderProject/PillReminderProject.entitlements;
				CODE_SIGN_IDENTITY = "iPhone Developer: Damir Stuhec (W297YNM36H)";
				GCC_PRECOMPILE_PREFIX_HEADER = YES;
				GCC_PREFIX_HEADER = "PillReminderProject/PillReminderProject-Prefix.pch";
				INFOPLIST_FILE = "PillReminderProject/PillReminderProject-Info.plist";
				PRODUCT_NAME = "$(TARGET_NAME)";
				PROVISIONING_PROFILE = "FD09D9ED-5EAF-4B63-A54D-F6EA9BF378A2";
				WRAPPER_EXTENSION = app;
			};
			name = Debug;
		};
		26DAFC0C152E28A90025B7CF /* Release */ = {
			isa = XCBuildConfiguration;
			buildSettings = {
				CODE_SIGN_ENTITLEMENTS = PillReminderProject/PillReminderProject.entitlements;
				CODE_SIGN_IDENTITY = "iPhone Developer: Damir Stuhec (W297YNM36H)";
				GCC_PRECOMPILE_PREFIX_HEADER = YES;
				GCC_PREFIX_HEADER = "PillReminderProject/PillReminderProject-Prefix.pch";
				INFOPLIST_FILE = "PillReminderProject/PillReminderProject-Info.plist";
				PRODUCT_NAME = "$(TARGET_NAME)";
				PROVISIONING_PROFILE = "FD09D9ED-5EAF-4B63-A54D-F6EA9BF378A2";
				WRAPPER_EXTENSION = app;
			};
			name = Release;
		};
/* End XCBuildConfiguration section */

/* Begin XCConfigurationList section */
		26DAFBE6152E28A90025B7CF /* Build configuration list for PBXProject "PillReminderProject" */ = {
			isa = XCConfigurationList;
			buildConfigurations = (
				26DAFC08152E28A90025B7CF /* Debug */,
				26DAFC09152E28A90025B7CF /* Release */,
			);
			defaultConfigurationIsVisible = 0;
			defaultConfigurationName = Release;
		};
		26DAFC0A152E28A90025B7CF /* Build configuration list for PBXNativeTarget "PillReminderProject" */ = {
			isa = XCConfigurationList;
			buildConfigurations = (
				26DAFC0B152E28A90025B7CF /* Debug */,
				26DAFC0C152E28A90025B7CF /* Release */,
			);
			defaultConfigurationIsVisible = 0;
			defaultConfigurationName = Release;
		};
/* End XCConfigurationList section */

/* Begin XCVersionGroup section */
		265C30B9154AA82D000C255E /* PillReminderModel.xcdatamodeld */ = {
			isa = XCVersionGroup;
			children = (
				265C30BA154AA82D000C255E /* PillReminderModel.xcdatamodel */,
			);
			currentVersion = 265C30BA154AA82D000C255E /* PillReminderModel.xcdatamodel */;
			path = PillReminderModel.xcdatamodeld;
			sourceTree = "<group>";
			versionGroupType = wrapper.xcdatamodel;
		};
/* End XCVersionGroup section */
	};
	rootObject = 26DAFBE3152E28A90025B7CF /* Project object */;
}
