// !$*UTF8*$!
{
	archiveVersion = 1;
	classes = {
	};
	objectVersion = 46;
	objects = {

/* Begin PBXBuildFile section */
		263D552F154A9756002C65B6 /* MainStoryboard.storyboard in Resources */ = {isa = PBXBuildFile; fileRef = 263D552E154A9756002C65B6 /* MainStoryboard.storyboard */; };
		263D5531154A9947002C65B6 /* PillReminder.xcdatamodel in Sources */ = {isa = PBXBuildFile; fileRef = 263D5530154A9947002C65B6 /* PillReminder.xcdatamodel */; };
		26DAFBF1152E28A90025B7CF /* UIKit.framework in Frameworks */ = {isa = PBXBuildFile; fileRef = 26DAFBF0152E28A90025B7CF /* UIKit.framework */; };
		26DAFBF3152E28A90025B7CF /* Foundation.framework in Frameworks */ = {isa = PBXBuildFile; fileRef = 26DAFBF2152E28A90025B7CF /* Foundation.framework */; };
		26DAFBF5152E28A90025B7CF /* CoreGraphics.framework in Frameworks */ = {isa = PBXBuildFile; fileRef = 26DAFBF4152E28A90025B7CF /* CoreGraphics.framework */; };
		26DAFBFB152E28A90025B7CF /* InfoPlist.strings in Resources */ = {isa = PBXBuildFile; fileRef = 26DAFBF9152E28A90025B7CF /* InfoPlist.strings */; };
		26DAFBFD152E28A90025B7CF /* main.m in Sources */ = {isa = PBXBuildFile; fileRef = 26DAFBFC152E28A90025B7CF /* main.m */; };
		26DAFC01152E28A90025B7CF /* PRAppDelegate.m in Sources */ = {isa = PBXBuildFile; fileRef = 26DAFC00152E28A90025B7CF /* PRAppDelegate.m */; };
		26EAB8CA15411DF2003BD336 /* CoreDataTableViewController.m in Sources */ = {isa = PBXBuildFile; fileRef = 26EAB8BD15411DF2003BD336 /* CoreDataTableViewController.m */; };
		26EAB8CB15411DF2003BD336 /* Pill.m in Sources */ = {isa = PBXBuildFile; fileRef = 26EAB8BF15411DF2003BD336 /* Pill.m */; };
		26EAB8CC15411DF2003BD336 /* Pill+Create.m in Sources */ = {isa = PBXBuildFile; fileRef = 26EAB8C115411DF2003BD336 /* Pill+Create.m */; };
		26EAB8CD15411DF2003BD336 /* PillAddingViewController.m in Sources */ = {isa = PBXBuildFile; fileRef = 26EAB8C315411DF2003BD336 /* PillAddingViewController.m */; };
		26EAB8CE15411DF2003BD336 /* PillDetailsViewController.m in Sources */ = {isa = PBXBuildFile; fileRef = 26EAB8C515411DF2003BD336 /* PillDetailsViewController.m */; };
		26EAB8CF15411DF2003BD336 /* PillEditingViewController.m in Sources */ = {isa = PBXBuildFile; fileRef = 26EAB8C715411DF2003BD336 /* PillEditingViewController.m */; };
		26EAB8D015411DF2003BD336 /* Reminder.m in Sources */ = {isa = PBXBuildFile; fileRef = 26EAB8C915411DF2003BD336 /* Reminder.m */; };
		26EAB8D415411EB6003BD336 /* PillsViewController.m in Sources */ = {isa = PBXBuildFile; fileRef = 26EAB8D315411EB6003BD336 /* PillsViewController.m */; };
		26EEA45415374F8900B38E6D /* CoreData.framework in Frameworks */ = {isa = PBXBuildFile; fileRef = 26EEA45315374F8900B38E6D /* CoreData.framework */; };
/* End PBXBuildFile section */

/* Begin PBXFileReference section */
		263D552E154A9756002C65B6 /* MainStoryboard.storyboard */ = {isa = PBXFileReference; fileEncoding = 4; lastKnownFileType = file.storyboard; path = MainStoryboard.storyboard; sourceTree = "<group>"; };
		263D5530154A9947002C65B6 /* PillReminder.xcdatamodel */ = {isa = PBXFileReference; lastKnownFileType = wrapper.xcdatamodel; path = PillReminder.xcdatamodel; sourceTree = "<group>"; };
		26DAFBEC152E28A90025B7CF /* PillReminderProject.app */ = {isa = PBXFileReference; explicitFileType = wrapper.application; includeInIndex = 0; path = PillReminderProject.app; sourceTree = BUILT_PRODUCTS_DIR; };
		26DAFBF0152E28A90025B7CF /* UIKit.framework */ = {isa = PBXFileReference; lastKnownFileType = wrapper.framework; name = UIKit.framework; path = System/Library/Frameworks/UIKit.framework; sourceTree = SDKROOT; };
		26DAFBF2152E28A90025B7CF /* Foundation.framework */ = {isa = PBXFileReference; lastKnownFileType = wrapper.framework; name = Foundation.framework; path = System/Library/Frameworks/Foundation.framework; sourceTree = SDKROOT; };
		26DAFBF4152E28A90025B7CF /* CoreGraphics.framework */ = {isa = PBXFileReference; lastKnownFileType = wrapper.framework; name = CoreGraphics.framework; path = System/Library/Frameworks/CoreGraphics.framework; sourceTree = SDKROOT; };
		26DAFBF8152E28A90025B7CF /* PillReminderProject-Info.plist */ = {isa = PBXFileReference; lastKnownFileType = text.plist.xml; path = "PillReminderProject-Info.plist"; sourceTree = "<group>"; };
		26DAFBFA152E28A90025B7CF /* en */ = {isa = PBXFileReference; lastKnownFileType = text.plist.strings; name = en; path = en.lproj/InfoPlist.strings; sourceTree = "<group>"; };
		26DAFBFC152E28A90025B7CF /* main.m */ = {isa = PBXFileReference; lastKnownFileType = sourcecode.c.objc; path = main.m; sourceTree = "<group>"; };
		26DAFBFE152E28A90025B7CF /* PillReminderProject-Prefix.pch */ = {isa = PBXFileReference; lastKnownFileType = sourcecode.c.h; path = "PillReminderProject-Prefix.pch"; sourceTree = "<group>"; };
		26DAFBFF152E28A90025B7CF /* PRAppDelegate.h */ = {isa = PBXFileReference; lastKnownFileType = sourcecode.c.h; path = PRAppDelegate.h; sourceTree = "<group>"; };
		26DAFC00152E28A90025B7CF /* PRAppDelegate.m */ = {isa = PBXFileReference; lastKnownFileType = sourcecode.c.objc; path = PRAppDelegate.m; sourceTree = "<group>"; };
		26EAB8BC15411DF2003BD336 /* CoreDataTableViewController.h */ = {isa = PBXFileReference; fileEncoding = 4; lastKnownFileType = sourcecode.c.h; path = CoreDataTableViewController.h; sourceTree = "<group>"; };
		26EAB8BD15411DF2003BD336 /* CoreDataTableViewController.m */ = {isa = PBXFileReference; fileEncoding = 4; lastKnownFileType = sourcecode.c.objc; path = CoreDataTableViewController.m; sourceTree = "<group>"; };
		26EAB8BE15411DF2003BD336 /* Pill.h */ = {isa = PBXFileReference; fileEncoding = 4; lastKnownFileType = sourcecode.c.h; path = Pill.h; sourceTree = "<group>"; };
		26EAB8BF15411DF2003BD336 /* Pill.m */ = {isa = PBXFileReference; fileEncoding = 4; lastKnownFileType = sourcecode.c.objc; path = Pill.m; sourceTree = "<group>"; };
		26EAB8C015411DF2003BD336 /* Pill+Create.h */ = {isa = PBXFileReference; fileEncoding = 4; lastKnownFileType = sourcecode.c.h; path = "Pill+Create.h"; sourceTree = "<group>"; };
		26EAB8C115411DF2003BD336 /* Pill+Create.m */ = {isa = PBXFileReference; fileEncoding = 4; lastKnownFileType = sourcecode.c.objc; path = "Pill+Create.m"; sourceTree = "<group>"; };
		26EAB8C215411DF2003BD336 /* PillAddingViewController.h */ = {isa = PBXFileReference; fileEncoding = 4; lastKnownFileType = sourcecode.c.h; path = PillAddingViewController.h; sourceTree = "<group>"; };
		26EAB8C315411DF2003BD336 /* PillAddingViewController.m */ = {isa = PBXFileReference; fileEncoding = 4; lastKnownFileType = sourcecode.c.objc; path = PillAddingViewController.m; sourceTree = "<group>"; };
		26EAB8C415411DF2003BD336 /* PillDetailsViewController.h */ = {isa = PBXFileReference; fileEncoding = 4; lastKnownFileType = sourcecode.c.h; path = PillDetailsViewController.h; sourceTree = "<group>"; };
		26EAB8C515411DF2003BD336 /* PillDetailsViewController.m */ = {isa = PBXFileReference; fileEncoding = 4; lastKnownFileType = sourcecode.c.objc; path = PillDetailsViewController.m; sourceTree = "<group>"; };
		26EAB8C615411DF2003BD336 /* PillEditingViewController.h */ = {isa = PBXFileReference; fileEncoding = 4; lastKnownFileType = sourcecode.c.h; path = PillEditingViewController.h; sourceTree = "<group>"; };
		26EAB8C715411DF2003BD336 /* PillEditingViewController.m */ = {isa = PBXFileReference; fileEncoding = 4; lastKnownFileType = sourcecode.c.objc; path = PillEditingViewController.m; sourceTree = "<group>"; };
		26EAB8C815411DF2003BD336 /* Reminder.h */ = {isa = PBXFileReference; fileEncoding = 4; lastKnownFileType = sourcecode.c.h; path = Reminder.h; sourceTree = "<group>"; };
		26EAB8C915411DF2003BD336 /* Reminder.m */ = {isa = PBXFileReference; fileEncoding = 4; lastKnownFileType = sourcecode.c.objc; path = Reminder.m; sourceTree = "<group>"; };
		26EAB8D215411EB6003BD336 /* PillsViewController.h */ = {isa = PBXFileReference; fileEncoding = 4; lastKnownFileType = sourcecode.c.h; path = PillsViewController.h; sourceTree = "<group>"; };
		26EAB8D315411EB6003BD336 /* PillsViewController.m */ = {isa = PBXFileReference; fileEncoding = 4; lastKnownFileType = sourcecode.c.objc; path = PillsViewController.m; sourceTree = "<group>"; };
		26EEA45315374F8900B38E6D /* CoreData.framework */ = {isa = PBXFileReference; lastKnownFileType = wrapper.framework; name = CoreData.framework; path = System/Library/Frameworks/CoreData.framework; sourceTree = SDKROOT; };
/* End PBXFileReference section */

/* Begin PBXFrameworksBuildPhase section */
		26DAFBE9152E28A90025B7CF /* Frameworks */ = {
			isa = PBXFrameworksBuildPhase;
			buildActionMask = 2147483647;
			files = (
				26EEA45415374F8900B38E6D /* CoreData.framework in Frameworks */,
				26DAFBF1152E28A90025B7CF /* UIKit.framework in Frameworks */,
				26DAFBF3152E28A90025B7CF /* Foundation.framework in Frameworks */,
				26DAFBF5152E28A90025B7CF /* CoreGraphics.framework in Frameworks */,
			);
			runOnlyForDeploymentPostprocessing = 0;
		};
/* End PBXFrameworksBuildPhase section */

/* Begin PBXGroup section */
		26DAFBE1152E28A90025B7CF = {
			isa = PBXGroup;
			children = (
				26E825A815411CD9007BA0C5 /* New Group */,
				26DAFBF6152E28A90025B7CF /* PillReminderProject */,
				26DAFBEF152E28A90025B7CF /* Frameworks */,
				26DAFBED152E28A90025B7CF /* Products */,
			);
			sourceTree = "<group>";
		};
		26DAFBED152E28A90025B7CF /* Products */ = {
			isa = PBXGroup;
			children = (
				26DAFBEC152E28A90025B7CF /* PillReminderProject.app */,
			);
			name = Products;
			sourceTree = "<group>";
		};
		26DAFBEF152E28A90025B7CF /* Frameworks */ = {
			isa = PBXGroup;
			children = (
				26EEA45315374F8900B38E6D /* CoreData.framework */,
				26DAFBF0152E28A90025B7CF /* UIKit.framework */,
				26DAFBF2152E28A90025B7CF /* Foundation.framework */,
				26DAFBF4152E28A90025B7CF /* CoreGraphics.framework */,
			);
			name = Frameworks;
			sourceTree = "<group>";
		};
		26DAFBF6152E28A90025B7CF /* PillReminderProject */ = {
			isa = PBXGroup;
			children = (
				26DAFBFF152E28A90025B7CF /* PRAppDelegate.h */,
				26DAFC00152E28A90025B7CF /* PRAppDelegate.m */,
				263D5530154A9947002C65B6 /* PillReminder.xcdatamodel */,
				263D552E154A9756002C65B6 /* MainStoryboard.storyboard */,
				26DAFBF7152E28A90025B7CF /* Supporting Files */,
			);
			path = PillReminderProject;
			sourceTree = "<group>";
		};
		26DAFBF7152E28A90025B7CF /* Supporting Files */ = {
			isa = PBXGroup;
			children = (
				26DAFBF8152E28A90025B7CF /* PillReminderProject-Info.plist */,
				26DAFBF9152E28A90025B7CF /* InfoPlist.strings */,
				26DAFBFC152E28A90025B7CF /* main.m */,
				26DAFBFE152E28A90025B7CF /* PillReminderProject-Prefix.pch */,
			);
			name = "Supporting Files";
			sourceTree = "<group>";
		};
		26E825A815411CD9007BA0C5 /* New Group */ = {
			isa = PBXGroup;
			children = (
				26EAB8D215411EB6003BD336 /* PillsViewController.h */,
				26EAB8D315411EB6003BD336 /* PillsViewController.m */,
				26EAB8BC15411DF2003BD336 /* CoreDataTableViewController.h */,
				26EAB8BD15411DF2003BD336 /* CoreDataTableViewController.m */,
				26EAB8BE15411DF2003BD336 /* Pill.h */,
				26EAB8BF15411DF2003BD336 /* Pill.m */,
				26EAB8C015411DF2003BD336 /* Pill+Create.h */,
				26EAB8C115411DF2003BD336 /* Pill+Create.m */,
				26EAB8C215411DF2003BD336 /* PillAddingViewController.h */,
				26EAB8C315411DF2003BD336 /* PillAddingViewController.m */,
				26EAB8C415411DF2003BD336 /* PillDetailsViewController.h */,
				26EAB8C515411DF2003BD336 /* PillDetailsViewController.m */,
				26EAB8C615411DF2003BD336 /* PillEditingViewController.h */,
				26EAB8C715411DF2003BD336 /* PillEditingViewController.m */,
				26EAB8C815411DF2003BD336 /* Reminder.h */,
				26EAB8C915411DF2003BD336 /* Reminder.m */,
			);
			name = "New Group";
			sourceTree = "<group>";
		};
/* End PBXGroup section */

/* Begin PBXNativeTarget section */
		26DAFBEB152E28A90025B7CF /* PillReminderProject */ = {
			isa = PBXNativeTarget;
			buildConfigurationList = 26DAFC0A152E28A90025B7CF /* Build configuration list for PBXNativeTarget "PillReminderProject" */;
			buildPhases = (
				26DAFBE8152E28A90025B7CF /* Sources */,
				26DAFBE9152E28A90025B7CF /* Frameworks */,
				26DAFBEA152E28A90025B7CF /* Resources */,
			);
			buildRules = (
			);
			dependencies = (
			);
			name = PillReminderProject;
			productName = PillReminderProject;
			productReference = 26DAFBEC152E28A90025B7CF /* PillReminderProject.app */;
			productType = "com.apple.product-type.application";
		};
/* End PBXNativeTarget section */

/* Begin PBXProject section */
		26DAFBE3152E28A90025B7CF /* Project object */ = {
			isa = PBXProject;
			attributes = {
				LastUpgradeCheck = 0420;
				ORGANIZATIONNAME = "FERI Maribor, Slovenia";
			};
			buildConfigurationList = 26DAFBE6152E28A90025B7CF /* Build configuration list for PBXProject "PillReminderProject" */;
			compatibilityVersion = "Xcode 3.2";
			developmentRegion = English;
			hasScannedForEncodings = 0;
			knownRegions = (
				en,
			);
			mainGroup = 26DAFBE1152E28A90025B7CF;
			productRefGroup = 26DAFBED152E28A90025B7CF /* Products */;
			projectDirPath = "";
			projectRoot = "";
			targets = (
				26DAFBEB152E28A90025B7CF /* PillReminderProject */,
			);
		};
/* End PBXProject section */

/* Begin PBXResourcesBuildPhase section */
		26DAFBEA152E28A90025B7CF /* Resources */ = {
			isa = PBXResourcesBuildPhase;
			buildActionMask = 2147483647;
			files = (
				26DAFBFB152E28A90025B7CF /* InfoPlist.strings in Resources */,
				263D552F154A9756002C65B6 /* MainStoryboard.storyboard in Resources */,
			);
			runOnlyForDeploymentPostprocessing = 0;
		};
/* End PBXResourcesBuildPhase section */

/* Begin PBXSourcesBuildPhase section */
		26DAFBE8152E28A90025B7CF /* Sources */ = {
			isa = PBXSourcesBuildPhase;
			buildActionMask = 2147483647;
			files = (
				26DAFBFD152E28A90025B7CF /* main.m in Sources */,
				26DAFC01152E28A90025B7CF /* PRAppDelegate.m in Sources */,
				26EAB8CA15411DF2003BD336 /* CoreDataTableViewController.m in Sources */,
				26EAB8CB15411DF2003BD336 /* Pill.m in Sources */,
				26EAB8CC15411DF2003BD336 /* Pill+Create.m in Sources */,
				26EAB8CD15411DF2003BD336 /* PillAddingViewController.m in Sources */,
				26EAB8CE15411DF2003BD336 /* PillDetailsViewController.m in Sources */,
				26EAB8CF15411DF2003BD336 /* PillEditingViewController.m in Sources */,
				26EAB8D015411DF2003BD336 /* Reminder.m in Sources */,
				26EAB8D415411EB6003BD336 /* PillsViewController.m in Sources */,
				263D5531154A9947002C65B6 /* PillReminder.xcdatamodel in Sources */,
			);
			runOnlyForDeploymentPostprocessing = 0;
		};
/* End PBXSourcesBuildPhase section */

/* Begin PBXVariantGroup section */
		26DAFBF9152E28A90025B7CF /* InfoPlist.strings */ = {
			isa = PBXVariantGroup;
			children = (
				26DAFBFA152E28A90025B7CF /* en */,
			);
			name = InfoPlist.strings;
			sourceTree = "<group>";
		};
/* End PBXVariantGroup section */

/* Begin XCBuildConfiguration section */
		26DAFC08152E28A90025B7CF /* Debug */ = {
			isa = XCBuildConfiguration;
			buildSettings = {
				ALWAYS_SEARCH_USER_PATHS = NO;
				ARCHS = "$(ARCHS_STANDARD_32_BIT)";
				CLANG_ENABLE_OBJC_ARC = YES;
				"CODE_SIGN_IDENTITY[sdk=iphoneos*]" = "iPhone Developer";
				COPY_PHASE_STRIP = NO;
				GCC_C_LANGUAGE_STANDARD = gnu99;
				GCC_DYNAMIC_NO_PIC = NO;
				GCC_OPTIMIZATION_LEVEL = 0;
				GCC_PREPROCESSOR_DEFINITIONS = (
					"DEBUG=1",
					"$(inherited)",
				);
				GCC_SYMBOLS_PRIVATE_EXTERN = NO;
				GCC_VERSION = com.apple.compilers.llvm.clang.1_0;
				GCC_WARN_ABOUT_MISSING_PROTOTYPES = YES;
				GCC_WARN_ABOUT_RETURN_TYPE = YES;
				GCC_WARN_UNUSED_VARIABLE = YES;
				IPHONEOS_DEPLOYMENT_TARGET = 5.0;
				SDKROOT = iphoneos;
			};
			name = Debug;
		};
		26DAFC09152E28A90025B7CF /* Release */ = {
			isa = XCBuildConfiguration;
			buildSettings = {
				ALWAYS_SEARCH_USER_PATHS = NO;
				ARCHS = "$(ARCHS_STANDARD_32_BIT)";
				CLANG_ENABLE_OBJC_ARC = YES;
				"CODE_SIGN_IDENTITY[sdk=iphoneos*]" = "iPhone Developer";
				COPY_PHASE_STRIP = YES;
				GCC_C_LANGUAGE_STANDARD = gnu99;
				GCC_VERSION = com.apple.compilers.llvm.clang.1_0;
				GCC_WARN_ABOUT_MISSING_PROTOTYPES = YES;
				GCC_WARN_ABOUT_RETURN_TYPE = YES;
				GCC_WARN_UNUSED_VARIABLE = YES;
				IPHONEOS_DEPLOYMENT_TARGET = 5.0;
				OTHER_CFLAGS = "-DNS_BLOCK_ASSERTIONS=1";
				SDKROOT = iphoneos;
				VALIDATE_PRODUCT = YES;
			};
			name = Release;
		};
		26DAFC0B152E28A90025B7CF /* Debug */ = {
			isa = XCBuildConfiguration;
			buildSettings = {
				GCC_PRECOMPILE_PREFIX_HEADER = YES;
				GCC_PREFIX_HEADER = "PillReminderProject/PillReminderProject-Prefix.pch";
				INFOPLIST_FILE = "PillReminderProject/PillReminderProject-Info.plist";
				PRODUCT_NAME = "$(TARGET_NAME)";
				WRAPPER_EXTENSION = app;
			};
			name = Debug;
		};
		26DAFC0C152E28A90025B7CF /* Release */ = {
			isa = XCBuildConfiguration;
			buildSettings = {
				GCC_PRECOMPILE_PREFIX_HEADER = YES;
				GCC_PREFIX_HEADER = "PillReminderProject/PillReminderProject-Prefix.pch";
				INFOPLIST_FILE = "PillReminderProject/PillReminderProject-Info.plist";
				PRODUCT_NAME = "$(TARGET_NAME)";
				WRAPPER_EXTENSION = app;
			};
			name = Release;
		};
/* End XCBuildConfiguration section */

/* Begin XCConfigurationList section */
		26DAFBE6152E28A90025B7CF /* Build configuration list for PBXProject "PillReminderProject" */ = {
			isa = XCConfigurationList;
			buildConfigurations = (
				26DAFC08152E28A90025B7CF /* Debug */,
				26DAFC09152E28A90025B7CF /* Release */,
			);
			defaultConfigurationIsVisible = 0;
			defaultConfigurationName = Release;
		};
		26DAFC0A152E28A90025B7CF /* Build configuration list for PBXNativeTarget "PillReminderProject" */ = {
			isa = XCConfigurationList;
			buildConfigurations = (
				26DAFC0B152E28A90025B7CF /* Debug */,
				26DAFC0C152E28A90025B7CF /* Release */,
			);
			defaultConfigurationIsVisible = 0;
			defaultConfigurationName = Release;
		};
/* End XCConfigurationList section */
	};
	rootObject = 26DAFBE3152E28A90025B7CF /* Project object */;
}
